
Microsoft Visual Studio Solution File, Format Version 12.00
# Visual Studio Version 17
VisualStudioVersion = 17.2.32516.85
MinimumVisualStudioVersion = 10.0.40219.1
Project("{FAE04EC0-301F-11D3-BF4B-00C04F79EFBC}") = "Centrvd.NameProgram.AddCallersPlugin", "Centrvd.NameProgram.AddCallersPlugin.csproj", "{15357494-BDA9-4ECA-839D-C58700D9BDA4}"
EndProject
Project("{FAE04EC0-301F-11D3-BF4B-00C04F79EFBC}") = "PhoneApp", "..\PhonePluginsApplication-master\PhoneApp\PhoneApp.csproj", "{E752971F-D21B-48C3-BEDC-D87694ED4CBF}"
EndProject
Project("{FAE04EC0-301F-11D3-BF4B-00C04F79EFBC}") = "EmployeesViewerPlugin", "..\PhonePluginsApplication-master\EmployeesViewerPlugin\EmployeesViewerPlugin.csproj", "{40B8CEFD-6516-4F12-BA3E-51E6BEAE822C}"
EndProject
Global
	GlobalSection(SolutionConfigurationPlatforms) = preSolution
		Debug|Any CPU = Debug|Any CPU
		Release|Any CPU = Release|Any CPU
	EndGlobalSection
	GlobalSection(ProjectConfigurationPlatforms) = postSolution
		{15357494-BDA9-4ECA-839D-C58700D9BDA4}.Debug|Any CPU.ActiveCfg = Debug|Any CPU
		{15357494-BDA9-4ECA-839D-C58700D9BDA4}.Debug|Any CPU.Build.0 = Debug|Any CPU
		{15357494-BDA9-4ECA-839D-C58700D9BDA4}.Release|Any CPU.ActiveCfg = Release|Any CPU
		{15357494-BDA9-4ECA-839D-C58700D9BDA4}.Release|Any CPU.Build.0 = Release|Any CPU
		{E752971F-D21B-48C3-BEDC-D87694ED4CBF}.Debug|Any CPU.ActiveCfg = Debug|Any CPU
		{E752971F-D21B-48C3-BEDC-D87694ED4CBF}.Debug|Any CPU.Build.0 = Debug|Any CPU
		{E752971F-D21B-48C3-BEDC-D87694ED4CBF}.Release|Any CPU.ActiveCfg = Release|Any CPU
		{E752971F-D21B-48C3-BEDC-D87694ED4CBF}.Release|Any CPU.Build.0 = Release|Any CPU
		{40B8CEFD-6516-4F12-BA3E-51E6BEAE822C}.Debug|Any CPU.ActiveCfg = Debug|Any CPU
		{40B8CEFD-6516-4F12-BA3E-51E6BEAE822C}.Debug|Any CPU.Build.0 = Debug|Any CPU
		{40B8CEFD-6516-4F12-BA3E-51E6BEAE822C}.Release|Any CPU.ActiveCfg = Release|Any CPU
		{40B8CEFD-6516-4F12-BA3E-51E6BEAE822C}.Release|Any CPU.Build.0 = Release|Any CPU
	EndGlobalSection
	GlobalSection(SolutionProperties) = preSolution
		HideSolutionNode = FALSE
	EndGlobalSection
	GlobalSection(ExtensibilityGlobals) = postSolution
		SolutionGuid = {2083C61B-EAD2-4F7F-BC8D-3CB3D7850BF1}
	EndGlobalSection
EndGlobal
